
Microsoft Visual Studio Solution File, Format Version 12.00
# Visual Studio Version 17
VisualStudioVersion = 17.4.33110.190
MinimumVisualStudioVersion = 10.0.40219.1
Project("{9A19103F-16F7-4668-BE54-9A1E7A4F7556}") = "Crey", "src\Crey\Crey.csproj", "{49FA78BA-946E-4828-9A81-ECC57298D921}"
EndProject
Project("{2150E333-8FDC-42A3-9474-1A3956D46DE8}") = "Sample", "Sample", "{3D9793B2-FFDF-466B-8574-A6EC15B07CE2}"
EndProject
Project("{9A19103F-16F7-4668-BE54-9A1E7A4F7556}") = "Crey.Tests.Server", "samples\Crey.Tests.Server\Crey.Tests.Server.csproj", "{10A887EE-5FFF-405D-BF81-B08D4E67597C}"
EndProject
Project("{9A19103F-16F7-4668-BE54-9A1E7A4F7556}") = "Crey.Tests.Contracts", "samples\Crey.Tests.Contracts\Crey.Tests.Contracts.csproj", "{717E6011-70ED-4A2D-94FD-912CA46EF038}"
EndProject
Project("{2150E333-8FDC-42A3-9474-1A3956D46DE8}") = "Solution Items", "Solution Items", "{51C28EAC-BBCB-485D-AFE0-19762E39B584}"
	ProjectSection(SolutionItems) = preProject
		.github\workflows\build-and-publish.yml = .github\workflows\build-and-publish.yml
		Directory.Build.props = Directory.Build.props
		README.md = README.md
	EndProjectSection
EndProject
Project("{9A19103F-16F7-4668-BE54-9A1E7A4F7556}") = "Crey.Benchmarks", "Crey.Benchmarks\Crey.Benchmarks.csproj", "{87EC4A01-7FA3-44D0-AD3E-68AC2E2C8B0C}"
EndProject
Global
	GlobalSection(SolutionConfigurationPlatforms) = preSolution
		Debug|Any CPU = Debug|Any CPU
		Release|Any CPU = Release|Any CPU
	EndGlobalSection
	GlobalSection(ProjectConfigurationPlatforms) = postSolution
		{49FA78BA-946E-4828-9A81-ECC57298D921}.Debug|Any CPU.ActiveCfg = Debug|Any CPU
		{49FA78BA-946E-4828-9A81-ECC57298D921}.Debug|Any CPU.Build.0 = Debug|Any CPU
		{49FA78BA-946E-4828-9A81-ECC57298D921}.Release|Any CPU.ActiveCfg = Release|Any CPU
		{49FA78BA-946E-4828-9A81-ECC57298D921}.Release|Any CPU.Build.0 = Release|Any CPU
		{10A887EE-5FFF-405D-BF81-B08D4E67597C}.Debug|Any CPU.ActiveCfg = Debug|Any CPU
		{10A887EE-5FFF-405D-BF81-B08D4E67597C}.Debug|Any CPU.Build.0 = Debug|Any CPU
		{10A887EE-5FFF-405D-BF81-B08D4E67597C}.Release|Any CPU.ActiveCfg = Release|Any CPU
		{10A887EE-5FFF-405D-BF81-B08D4E67597C}.Release|Any CPU.Build.0 = Release|Any CPU
		{717E6011-70ED-4A2D-94FD-912CA46EF038}.Debug|Any CPU.ActiveCfg = Debug|Any CPU
		{717E6011-70ED-4A2D-94FD-912CA46EF038}.Debug|Any CPU.Build.0 = Debug|Any CPU
		{717E6011-70ED-4A2D-94FD-912CA46EF038}.Release|Any CPU.ActiveCfg = Release|Any CPU
		{717E6011-70ED-4A2D-94FD-912CA46EF038}.Release|Any CPU.Build.0 = Release|Any CPU
		{87EC4A01-7FA3-44D0-AD3E-68AC2E2C8B0C}.Debug|Any CPU.ActiveCfg = Debug|Any CPU
		{87EC4A01-7FA3-44D0-AD3E-68AC2E2C8B0C}.Debug|Any CPU.Build.0 = Debug|Any CPU
		{87EC4A01-7FA3-44D0-AD3E-68AC2E2C8B0C}.Release|Any CPU.ActiveCfg = Release|Any CPU
		{87EC4A01-7FA3-44D0-AD3E-68AC2E2C8B0C}.Release|Any CPU.Build.0 = Release|Any CPU
	EndGlobalSection
	GlobalSection(SolutionProperties) = preSolution
		HideSolutionNode = FALSE
	EndGlobalSection
	GlobalSection(NestedProjects) = preSolution
		{10A887EE-5FFF-405D-BF81-B08D4E67597C} = {3D9793B2-FFDF-466B-8574-A6EC15B07CE2}
		{717E6011-70ED-4A2D-94FD-912CA46EF038} = {3D9793B2-FFDF-466B-8574-A6EC15B07CE2}
		{87EC4A01-7FA3-44D0-AD3E-68AC2E2C8B0C} = {3D9793B2-FFDF-466B-8574-A6EC15B07CE2}
	EndGlobalSection
	GlobalSection(ExtensibilityGlobals) = postSolution
		SolutionGuid = {80C90B42-B34C-4BE9-8695-96E316D751E9}
	EndGlobalSection
EndGlobal
